
Microsoft Visual Studio Solution File, Format Version 12.00
# Visual Studio Version 16
VisualStudioVersion = 16.0.30503.244
MinimumVisualStudioVersion = 10.0.40219.1
Project("{FAE04EC0-301F-11D3-BF4B-00C04F79EFBC}") = "RoutePlannerConsole", "RoutePlannerConsole\RoutePlannerConsole.csproj", "{F8E28910-153D-4925-97A9-E0F05744D28E}"
EndProject
Project("{FAE04EC0-301F-11D3-BF4B-00C04F79EFBC}") = "RoutePlannerLib", "RoutePlannerLib\RoutePlannerLib.csproj", "{1A894F7B-5F8B-45B7-BC75-C032B7CD490C}"
EndProject
Project("{FAE04EC0-301F-11D3-BF4B-00C04F79EFBC}") = "RoutePlannerTest", "RoutePlannerTest\RoutePlannerTest.csproj", "{D9317608-93A3-4DEF-92E0-A1F352ADD234}"
EndProject
Global
	GlobalSection(SolutionConfigurationPlatforms) = preSolution
		Debug|Any CPU = Debug|Any CPU
		Release|Any CPU = Release|Any CPU
	EndGlobalSection
	GlobalSection(ProjectConfigurationPlatforms) = postSolution
		{F8E28910-153D-4925-97A9-E0F05744D28E}.Debug|Any CPU.ActiveCfg = Debug|Any CPU
		{F8E28910-153D-4925-97A9-E0F05744D28E}.Debug|Any CPU.Build.0 = Debug|Any CPU
		{F8E28910-153D-4925-97A9-E0F05744D28E}.Release|Any CPU.ActiveCfg = Release|Any CPU
		{F8E28910-153D-4925-97A9-E0F05744D28E}.Release|Any CPU.Build.0 = Release|Any CPU
		{1A894F7B-5F8B-45B7-BC75-C032B7CD490C}.Debug|Any CPU.ActiveCfg = Debug|Any CPU
		{1A894F7B-5F8B-45B7-BC75-C032B7CD490C}.Debug|Any CPU.Build.0 = Debug|Any CPU
		{1A894F7B-5F8B-45B7-BC75-C032B7CD490C}.Release|Any CPU.ActiveCfg = Release|Any CPU
		{1A894F7B-5F8B-45B7-BC75-C032B7CD490C}.Release|Any CPU.Build.0 = Release|Any CPU
		{D9317608-93A3-4DEF-92E0-A1F352ADD234}.Debug|Any CPU.ActiveCfg = Debug|Any CPU
		{D9317608-93A3-4DEF-92E0-A1F352ADD234}.Debug|Any CPU.Build.0 = Debug|Any CPU
		{D9317608-93A3-4DEF-92E0-A1F352ADD234}.Release|Any CPU.ActiveCfg = Release|Any CPU
		{D9317608-93A3-4DEF-92E0-A1F352ADD234}.Release|Any CPU.Build.0 = Release|Any CPU
	EndGlobalSection
	GlobalSection(SolutionProperties) = preSolution
		HideSolutionNode = FALSE
	EndGlobalSection
	GlobalSection(ExtensibilityGlobals) = postSolution
		SolutionGuid = {E327D44B-C692-4D55-9963-BB735F4B53D9}
	EndGlobalSection
EndGlobal
